
Microsoft Visual Studio Solution File, Format Version 12.00
# Visual Studio Version 16
VisualStudioVersion = 16.0.31702.278
MinimumVisualStudioVersion = 10.0.40219.1
Project("{FAE04EC0-301F-11D3-BF4B-00C04F79EFBC}") = "BusinessCard", "BusinessCard\BusinessCard.csproj", "{622DACFF-F1C2-4482-B3BA-552FBFC0401E}"
EndProject
Global
	GlobalSection(SolutionConfigurationPlatforms) = preSolution
		Debug|Any CPU = Debug|Any CPU
		Release|Any CPU = Release|Any CPU
	EndGlobalSection
	GlobalSection(ProjectConfigurationPlatforms) = postSolution
		{622DACFF-F1C2-4482-B3BA-552FBFC0401E}.Debug|Any CPU.ActiveCfg = Debug|Any CPU
		{622DACFF-F1C2-4482-B3BA-552FBFC0401E}.Debug|Any CPU.Build.0 = Debug|Any CPU
		{622DACFF-F1C2-4482-B3BA-552FBFC0401E}.Release|Any CPU.ActiveCfg = Release|Any CPU
		{622DACFF-F1C2-4482-B3BA-552FBFC0401E}.Release|Any CPU.Build.0 = Release|Any CPU
	EndGlobalSection
	GlobalSection(SolutionProperties) = preSolution
		HideSolutionNode = FALSE
	EndGlobalSection
	GlobalSection(ExtensibilityGlobals) = postSolution
		SolutionGuid = {5ADF220A-8DCC-4143-8D4F-6ABB03E41B66}
	EndGlobalSection
EndGlobal
